// !$*UTF8*$!
{
       archiveVersion = 1;
       classes = {
       };
       objectVersion = 46;
       objects = {

/* Begin PBXAggregateTarget section */
              81AD95B364024994B8FC6DDB /* ALL_BUILD */ = {
                     isa = PBXAggregateTarget;
                     buildConfigurationList = A3B90391311746559A43757F /* Build configuration list for PBXAggregateTarget "ALL_BUILD" */;
                     buildPhases = (
                            A5EC0F934DE24DA6AF351B00 /* CMake Rules */,
                     );
                     dependencies = (
                            8C99F41D0EA64FDBB889A030 /* PBXTargetDependency */,
                            AE775CF163064C1AB8F581A1 /* PBXTargetDependency */,
                     );
                     name = ALL_BUILD;
                     productName = ALL_BUILD;
              };
              FB17226E25784FBE8E6B73D0 /* ZERO_CHECK */ = {
                     isa = PBXAggregateTarget;
                     buildConfigurationList = A13D8EA1155149D893121673 /* Build configuration list for PBXAggregateTarget "ZERO_CHECK" */;
                     buildPhases = (
                            620358C97BB44DD8A7034439 /* CMake Rules */,
                     );
                     dependencies = (
                     );
                     name = ZERO_CHECK;
                     productName = ZERO_CHECK;
              };
/* End PBXAggregateTarget section */

/* Begin PBXBuildFile section */
C5EA72491B594F4BBF0A09D2 /* /Users/sjr/dev/ReebGraph/ReebGraph/CMakeFiles/Cone.dir/Info.plist */ = {isa = PBXBuildFile; fileRef = 31C6632D3B1E43498B50A6DF /* /Users/sjr/dev/ReebGraph/ReebGraph/CMakeFiles/Cone.dir/Info.plist */; settings = { COMPILER_FLAGS = ""; }; };
2EAEE11513EB44C4A4CFBDD0 /* /Users/sjr/dev/ReebGraph/ReebGraph/CMakeLists.txt */ = {isa = PBXBuildFile; fileRef = B9051DF921DD4AA28BB5B985 /* /Users/sjr/dev/ReebGraph/ReebGraph/CMakeLists.txt */; settings = { COMPILER_FLAGS = ""; }; };
4A627FD4399E401282E11C0D /* /Users/sjr/dev/ReebGraph/ReebGraph/Cone.cxx */ = {isa = PBXBuildFile; fileRef = FDA55F4CB06D4124B19C9AD3 /* /Users/sjr/dev/ReebGraph/ReebGraph/Cone.cxx */; settings = { COMPILER_FLAGS = ""; }; };
/* End PBXBuildFile section */

/* Begin PBXBuildStyle section */
              ED3D41C7DCFA43A582F156E8 /*  */ = {
                     isa = PBXBuildStyle;
              };
              5E600CC787FC4D6A95C3F846 /* Debug */ = {
                     isa = PBXBuildStyle;
                     buildSettings = {
                            COPY_PHASE_STRIP = NO;
                     };
                     name = Debug;
              };
              6A580117B46342B9BFC89A6B /* Release */ = {
                     isa = PBXBuildStyle;
                     buildSettings = {
                            COPY_PHASE_STRIP = NO;
                     };
                     name = Release;
              };
              45122B8F071B409381901409 /* MinSizeRel */ = {
                     isa = PBXBuildStyle;
                     buildSettings = {
                            COPY_PHASE_STRIP = NO;
                     };
                     name = MinSizeRel;
              };
              D73359DAF5A049688A14EF92 /* RelWithDebInfo */ = {
                     isa = PBXBuildStyle;
                     buildSettings = {
                            COPY_PHASE_STRIP = NO;
                     };
                     name = RelWithDebInfo;
              };
/* End PBXBuildStyle section */

/* Begin PBXContainerItemProxy section */
              9F03CBD7FAF4476E8082BDA8 /* PBXContainerItemProxy */ = {
                     isa = PBXContainerItemProxy;
                     containerPortal = ABD053D62CB14139AC3EF6AB /* Project object */;
                     proxyType = 1;
                     remoteGlobalIDString = FB17226E25784FBE8E6B73D0;
                     remoteInfo = ZERO_CHECK;
              };
              D967FD0439A4496DBB77483E /* PBXContainerItemProxy */ = {
                     isa = PBXContainerItemProxy;
                     containerPortal = ABD053D62CB14139AC3EF6AB /* Project object */;
                     proxyType = 1;
                     remoteGlobalIDString = DAFE7413C5964A8EA37C4520;
                     remoteInfo = Cone;
              };
              4F0AAB9FDCF04A94BFC1D62A /* PBXContainerItemProxy */ = {
                     isa = PBXContainerItemProxy;
                     containerPortal = ABD053D62CB14139AC3EF6AB /* Project object */;
                     proxyType = 1;
                     remoteGlobalIDString = FB17226E25784FBE8E6B73D0;
                     remoteInfo = ZERO_CHECK;
              };
/* End PBXContainerItemProxy section */

/* Begin PBXFileReference section */
B9051DF921DD4AA28BB5B985 /* /Users/sjr/dev/ReebGraph/ReebGraph/CMakeLists.txt */ = {isa = PBXFileReference; explicitFileType = "sourcecode.text"; fileEncoding = 4; name = "CMakeLists.txt"; path = "CMakeLists.txt"; sourceTree = SOURCE_ROOT; };
31C6632D3B1E43498B50A6DF /* /Users/sjr/dev/ReebGraph/ReebGraph/CMakeFiles/Cone.dir/Info.plist */ = {isa = PBXFileReference; explicitFileType = "sourcecode.text.plist"; fileEncoding = 4; name = "Info.plist"; path = "CMakeFiles/Cone.dir/Info.plist"; sourceTree = SOURCE_ROOT; };
FDA55F4CB06D4124B19C9AD3 /* /Users/sjr/dev/ReebGraph/ReebGraph/Cone.cxx */ = {isa = PBXFileReference; explicitFileType = "sourcecode.cpp.cpp"; fileEncoding = 4; name = "Cone.cxx"; path = "Cone.cxx"; sourceTree = SOURCE_ROOT; };
7D53664C930546A9ABEF6FCF /* Cone */ = {isa = PBXFileReference; explicitFileType = "compiled.mach-o.executable"; path = Cone; refType = 0; sourceTree = BUILT_PRODUCTS_DIR; };
/* End PBXFileReference section */

/* Begin PBXGroup section */
              9B395A59AC484258A5FDF402  = {
                     isa = PBXGroup;
                     children = (
                            EA195BDA137744189BD8D2F6 /* Sources */,
                            C4E707AE945A4965AE0A112D /* Resources */,
                            8BD67F8FF7DC483FB42078CC /* Products */,
                     );
                     sourceTree = "<group>";
              };
              EA195BDA137744189BD8D2F6 /* Sources */ = {
                     isa = PBXGroup;
                     children = (
                            F9FD253E255344AA97BBD0E0 /* ALL_BUILD */,
                            EC01B989283047519A50C86E /* Cone */,
                            0E7D906B2BDC4E679CB1C5E4 /* ZERO_CHECK */,
                     );
                     name = Sources;
                     sourceTree = "<group>";
              };
              C4E707AE945A4965AE0A112D /* Resources */ = {
                     isa = PBXGroup;
                     children = (
                     );
                     name = Resources;
                     sourceTree = "<group>";
              };
              F9FD253E255344AA97BBD0E0 /* ALL_BUILD */ = {
                     isa = PBXGroup;
                     children = (
                            11A2FB699CF54ACFBA61E660 /* CMake Rules */,
                            B9051DF921DD4AA28BB5B985 /* /Users/sjr/dev/ReebGraph/ReebGraph/CMakeLists.txt */,
                     );
                     name = ALL_BUILD;
                     sourceTree = "<group>";
              };
              11A2FB699CF54ACFBA61E660 /* CMake Rules */ = {
                     isa = PBXGroup;
                     children = (
                     );
                     name = "CMake Rules";
                     sourceTree = "<group>";
              };
              EC01B989283047519A50C86E /* Cone */ = {
                     isa = PBXGroup;
                     children = (
                            F735266B0A93418FA39A663D /* Source Files */,
                            0CF989729B3B4302B2611DFF /* Resources */,
                            B9051DF921DD4AA28BB5B985 /* /Users/sjr/dev/ReebGraph/ReebGraph/CMakeLists.txt */,
                     );
                     name = Cone;
                     sourceTree = "<group>";
              };
              F735266B0A93418FA39A663D /* Source Files */ = {
                     isa = PBXGroup;
                     children = (
                            FDA55F4CB06D4124B19C9AD3 /* /Users/sjr/dev/ReebGraph/ReebGraph/Cone.cxx */,
                     );
                     name = "Source Files";
                     sourceTree = "<group>";
              };
              0CF989729B3B4302B2611DFF /* Resources */ = {
                     isa = PBXGroup;
                     children = (
                            31C6632D3B1E43498B50A6DF /* /Users/sjr/dev/ReebGraph/ReebGraph/CMakeFiles/Cone.dir/Info.plist */,
                     );
                     name = Resources;
                     sourceTree = "<group>";
              };
              0E7D906B2BDC4E679CB1C5E4 /* ZERO_CHECK */ = {
                     isa = PBXGroup;
                     children = (
                            92D128519E0A4E8DAD736F5B /* CMake Rules */,
                            B9051DF921DD4AA28BB5B985 /* /Users/sjr/dev/ReebGraph/ReebGraph/CMakeLists.txt */,
                     );
                     name = ZERO_CHECK;
                     sourceTree = "<group>";
              };
              92D128519E0A4E8DAD736F5B /* CMake Rules */ = {
                     isa = PBXGroup;
                     children = (
                     );
                     name = "CMake Rules";
                     sourceTree = "<group>";
              };
              8BD67F8FF7DC483FB42078CC /* Products */ = {
                     isa = PBXGroup;
                     children = (
                            7D53664C930546A9ABEF6FCF /* Cone */,
                     );
                     name = Products;
                     sourceTree = "<group>";
              };
/* End PBXGroup section */

/* Begin PBXNativeTarget section */
              DAFE7413C5964A8EA37C4520 /* Cone */ = {
                     isa = PBXNativeTarget;
                     buildConfigurationList = F2FAD0FF97EC4C51A6E2C28B /* Build configuration list for PBXNativeTarget "Cone" */;
                     buildPhases = (
                            36164E531F8044EB949E9D4A /* Sources */,
                     );
                     buildRules = (
                     );
                     dependencies = (
                            E002F24832074CA88267F461 /* PBXTargetDependency */,
                     );
                     name = Cone;
                     productName = Cone;
                     productReference = 7D53664C930546A9ABEF6FCF /* Cone */;
                     productType = "com.apple.product-type.application";
              };
/* End PBXNativeTarget section */

/* Begin PBXProject section */
              ABD053D62CB14139AC3EF6AB /* Project object */ = {
                     isa = PBXProject;
                     attributes = {
                            BuildIndependentTargetsInParallel = YES;
                     };
                     buildConfigurationList = 1B9CBFDFC41540CA980F5D43 /* Build configuration list for PBXProject  "Step1" */;
                     buildSettings = {
                     };
                     buildStyles = (
                            5E600CC787FC4D6A95C3F846 /* Debug */,
                            6A580117B46342B9BFC89A6B /* Release */,
                            45122B8F071B409381901409 /* MinSizeRel */,
                            D73359DAF5A049688A14EF92 /* RelWithDebInfo */,
                     );
                     compatibilityVersion = "Xcode 3.2";
                     hasScannedForEncodings = 0;
                     mainGroup = 9B395A59AC484258A5FDF402;
                     projectDirPath = ".";
                     projectRoot = "";
                     targets = (
                            81AD95B364024994B8FC6DDB /* ALL_BUILD */,
                            DAFE7413C5964A8EA37C4520 /* Cone */,
                            FB17226E25784FBE8E6B73D0 /* ZERO_CHECK */,
                     );
              };
/* End PBXProject section */

/* Begin PBXShellScriptBuildPhase section */
              9985A92F7A9E4038B875F89B /*  */ = {
                     isa = PBXShellScriptBuildPhase;
                     buildActionMask = 2147483647;
                     files = (
                     );
                     inputPaths = (
                     );
                     outputPaths = (
                     );
                     runOnlyForDeploymentPostprocessing = 0;
                     shellPath = /bin/sh;
                     shellScript = "# shell script goes here
exit 0";
                     showEnvVarsInLog = 0;
              };
              A5EC0F934DE24DA6AF351B00 /* CMake Rules */ = {
                     isa = PBXShellScriptBuildPhase;
                     buildActionMask = 2147483647;
                     files = (
                     );
                     name = "CMake Rules";
                     runOnlyForDeploymentPostprocessing = 0;
                     shellPath = /bin/sh;
                     shellScript = "make -C /Users/sjr/dev/ReebGraph/ReebGraph -f /Users/sjr/dev/ReebGraph/ReebGraph/CMakeScripts/ALL_BUILD_cmakeRulesBuildPhase.make$CONFIGURATION all";
                     showEnvVarsInLog = 0;
              };
              F0C262B409F94EE5A2B34F52 /*  */ = {
                     isa = PBXShellScriptBuildPhase;
                     buildActionMask = 2147483647;
                     files = (
                     );
                     inputPaths = (
                     );
                     outputPaths = (
                     );
                     runOnlyForDeploymentPostprocessing = 0;
                     shellPath = /bin/sh;
                     shellScript = "# shell script goes here
exit 0";
                     showEnvVarsInLog = 0;
              };
              620358C97BB44DD8A7034439 /* CMake Rules */ = {
                     isa = PBXShellScriptBuildPhase;
                     buildActionMask = 2147483647;
                     files = (
                     );
                     name = "CMake Rules";
                     runOnlyForDeploymentPostprocessing = 0;
                     shellPath = /bin/sh;
                     shellScript = "make -C /Users/sjr/dev/ReebGraph/ReebGraph -f /Users/sjr/dev/ReebGraph/ReebGraph/CMakeScripts/ZERO_CHECK_cmakeRulesBuildPhase.make$CONFIGURATION all";
                     showEnvVarsInLog = 0;
              };
/* End PBXShellScriptBuildPhase section */

/* Begin PBXSourcesBuildPhase section */
              36164E531F8044EB949E9D4A /* Sources */ = {
                     isa = PBXSourcesBuildPhase;
                     buildActionMask = 2147483647;
                     files = (
                            4A627FD4399E401282E11C0D /* /Users/sjr/dev/ReebGraph/ReebGraph/Cone.cxx */,
                     );
                     runOnlyForDeploymentPostprocessing = 0;
              };
/* End PBXSourcesBuildPhase section */

/* Begin PBXTargetDependency section */
              8C99F41D0EA64FDBB889A030 /* PBXTargetDependency */ = {
                     isa = PBXTargetDependency;
                     target = FB17226E25784FBE8E6B73D0 /* ZERO_CHECK */;
                     targetProxy = 9F03CBD7FAF4476E8082BDA8 /* PBXContainerItemProxy */;
              };
              AE775CF163064C1AB8F581A1 /* PBXTargetDependency */ = {
                     isa = PBXTargetDependency;
                     target = DAFE7413C5964A8EA37C4520 /* Cone */;
                     targetProxy = D967FD0439A4496DBB77483E /* PBXContainerItemProxy */;
              };
              E002F24832074CA88267F461 /* PBXTargetDependency */ = {
                     isa = PBXTargetDependency;
                     target = FB17226E25784FBE8E6B73D0 /* ZERO_CHECK */;
                     targetProxy = 4F0AAB9FDCF04A94BFC1D62A /* PBXContainerItemProxy */;
              };
/* End PBXTargetDependency section */

/* Begin XCBuildConfiguration section */
              0337547A38BC4E0E9B33A2FB /* Debug */ = {
                     isa = XCBuildConfiguration;
                     buildSettings = {
                            ARCHS = "$(ARCHS_STANDARD_32_64_BIT)";
                            ONLY_ACTIVE_ARCH = YES;
                            SDKROOT = "/Applications/Xcode.app/Contents/Developer/Platforms/MacOSX.platform/Developer/SDKs/MacOSX10.9.sdk";
                            SYMROOT = /Users/sjr/dev/ReebGraph/ReebGraph/build;
                     };
                     name = Debug;
              };
              06B242E149AA4729A165724C /* Release */ = {
                     isa = XCBuildConfiguration;
                     buildSettings = {
                            ARCHS = "$(ARCHS_STANDARD_32_64_BIT)";
                            ONLY_ACTIVE_ARCH = YES;
                            SDKROOT = "/Applications/Xcode.app/Contents/Developer/Platforms/MacOSX.platform/Developer/SDKs/MacOSX10.9.sdk";
                            SYMROOT = /Users/sjr/dev/ReebGraph/ReebGraph/build;
                     };
                     name = Release;
              };
              3BF4DA926D5C4A4481034B28 /* MinSizeRel */ = {
                     isa = XCBuildConfiguration;
                     buildSettings = {
                            ARCHS = "$(ARCHS_STANDARD_32_64_BIT)";
                            ONLY_ACTIVE_ARCH = YES;
                            SDKROOT = "/Applications/Xcode.app/Contents/Developer/Platforms/MacOSX.platform/Developer/SDKs/MacOSX10.9.sdk";
                            SYMROOT = /Users/sjr/dev/ReebGraph/ReebGraph/build;
                     };
                     name = MinSizeRel;
              };
              9FC10DB5D61F4E3C9B2D7BED /* RelWithDebInfo */ = {
                     isa = XCBuildConfiguration;
                     buildSettings = {
                            ARCHS = "$(ARCHS_STANDARD_32_64_BIT)";
                            ONLY_ACTIVE_ARCH = YES;
                            SDKROOT = "/Applications/Xcode.app/Contents/Developer/Platforms/MacOSX.platform/Developer/SDKs/MacOSX10.9.sdk";
                            SYMROOT = /Users/sjr/dev/ReebGraph/ReebGraph/build;
                     };
                     name = RelWithDebInfo;
              };
              8E7C87446F6D4DA19B786651 /* Debug */ = {
                     isa = XCBuildConfiguration;
                     buildSettings = {
                            COMBINE_HIDPI_IMAGES = YES;
                            GCC_GENERATE_DEBUGGING_SYMBOLS = NO;
                            GCC_INLINES_ARE_PRIVATE_EXTERN = NO;
                            GCC_OPTIMIZATION_LEVEL = 0;
                            GCC_PREPROCESSOR_DEFINITIONS = ("'CMAKE_INTDIR=\"$(CONFIGURATION)$(EFFECTIVE_PLATFORM_NAME)\"'", "'vtkRenderingCore_AUTOINIT=2(vtkInteractionStyle,vtkRenderingOpenGL)'", );
                            GCC_SYMBOLS_PRIVATE_EXTERN = NO;
                            HEADER_SEARCH_PATHS = ("/usr/local/include/vtk-6.1", /usr/local/include, );
                            INSTALL_PATH = "";
                            OTHER_CFLAGS = "  ";
                            OTHER_LDFLAGS = " ";
                            OTHER_REZFLAGS = "";
                            PRODUCT_NAME = ALL_BUILD;
                            SECTORDER_FLAGS = "";
                            SYMROOT = /Users/sjr/dev/ReebGraph/ReebGraph;
                            USE_HEADERMAP = NO;
                            WARNING_CFLAGS = ("-Wmost", "-Wno-four-char-constants", "-Wno-unknown-pragmas", );
                     };
                     name = Debug;
              };
              82113857B14E43C4B39DF744 /* Release */ = {
                     isa = XCBuildConfiguration;
                     buildSettings = {
                            COMBINE_HIDPI_IMAGES = YES;
                            GCC_GENERATE_DEBUGGING_SYMBOLS = NO;
                            GCC_INLINES_ARE_PRIVATE_EXTERN = NO;
                            GCC_OPTIMIZATION_LEVEL = 0;
                            GCC_PREPROCESSOR_DEFINITIONS = ("'CMAKE_INTDIR=\"$(CONFIGURATION)$(EFFECTIVE_PLATFORM_NAME)\"'", "'vtkRenderingCore_AUTOINIT=2(vtkInteractionStyle,vtkRenderingOpenGL)'", );
                            GCC_SYMBOLS_PRIVATE_EXTERN = NO;
                            HEADER_SEARCH_PATHS = ("/usr/local/include/vtk-6.1", /usr/local/include, );
                            INSTALL_PATH = "";
                            OTHER_CFLAGS = "  ";
                            OTHER_LDFLAGS = " ";
                            OTHER_REZFLAGS = "";
                            PRODUCT_NAME = ALL_BUILD;
                            SECTORDER_FLAGS = "";
                            SYMROOT = /Users/sjr/dev/ReebGraph/ReebGraph;
                            USE_HEADERMAP = NO;
                            WARNING_CFLAGS = ("-Wmost", "-Wno-four-char-constants", "-Wno-unknown-pragmas", );
                     };
                     name = Release;
              };
              4154EE12A3DA4B41B3955E5B /* MinSizeRel */ = {
                     isa = XCBuildConfiguration;
                     buildSettings = {
                            COMBINE_HIDPI_IMAGES = YES;
                            GCC_GENERATE_DEBUGGING_SYMBOLS = NO;
                            GCC_INLINES_ARE_PRIVATE_EXTERN = NO;
                            GCC_OPTIMIZATION_LEVEL = 0;
                            GCC_PREPROCESSOR_DEFINITIONS = ("'CMAKE_INTDIR=\"$(CONFIGURATION)$(EFFECTIVE_PLATFORM_NAME)\"'", "'vtkRenderingCore_AUTOINIT=2(vtkInteractionStyle,vtkRenderingOpenGL)'", );
                            GCC_SYMBOLS_PRIVATE_EXTERN = NO;
                            HEADER_SEARCH_PATHS = ("/usr/local/include/vtk-6.1", /usr/local/include, );
                            INSTALL_PATH = "";
                            OTHER_CFLAGS = "  ";
                            OTHER_LDFLAGS = " ";
                            OTHER_REZFLAGS = "";
                            PRODUCT_NAME = ALL_BUILD;
                            SECTORDER_FLAGS = "";
                            SYMROOT = /Users/sjr/dev/ReebGraph/ReebGraph;
                            USE_HEADERMAP = NO;
                            WARNING_CFLAGS = ("-Wmost", "-Wno-four-char-constants", "-Wno-unknown-pragmas", );
                     };
                     name = MinSizeRel;
              };
              3CDBA03E608B456FB622E99F /* RelWithDebInfo */ = {
                     isa = XCBuildConfiguration;
                     buildSettings = {
                            COMBINE_HIDPI_IMAGES = YES;
                            GCC_GENERATE_DEBUGGING_SYMBOLS = NO;
                            GCC_INLINES_ARE_PRIVATE_EXTERN = NO;
                            GCC_OPTIMIZATION_LEVEL = 0;
                            GCC_PREPROCESSOR_DEFINITIONS = ("'CMAKE_INTDIR=\"$(CONFIGURATION)$(EFFECTIVE_PLATFORM_NAME)\"'", "'vtkRenderingCore_AUTOINIT=2(vtkInteractionStyle,vtkRenderingOpenGL)'", );
                            GCC_SYMBOLS_PRIVATE_EXTERN = NO;
                            HEADER_SEARCH_PATHS = ("/usr/local/include/vtk-6.1", /usr/local/include, );
                            INSTALL_PATH = "";
                            OTHER_CFLAGS = "  ";
                            OTHER_LDFLAGS = " ";
                            OTHER_REZFLAGS = "";
                            PRODUCT_NAME = ALL_BUILD;
                            SECTORDER_FLAGS = "";
                            SYMROOT = /Users/sjr/dev/ReebGraph/ReebGraph;
                            USE_HEADERMAP = NO;
                            WARNING_CFLAGS = ("-Wmost", "-Wno-four-char-constants", "-Wno-unknown-pragmas", );
                     };
                     name = RelWithDebInfo;
              };
              1D6C8AD23C8C4A89A65F8161 /* Debug */ = {
                     isa = XCBuildConfiguration;
                     buildSettings = {
                            COMBINE_HIDPI_IMAGES = YES;
                            EXECUTABLE_PREFIX = "";
                            EXECUTABLE_SUFFIX = "";
                            GCC_GENERATE_DEBUGGING_SYMBOLS = YES;
                            GCC_INLINES_ARE_PRIVATE_EXTERN = NO;
                            GCC_OPTIMIZATION_LEVEL = 0;
                            GCC_PREPROCESSOR_DEFINITIONS = ("'CMAKE_INTDIR=\"$(CONFIGURATION)$(EFFECTIVE_PLATFORM_NAME)\"'", "'vtkRenderingCore_AUTOINIT=2(vtkInteractionStyle,vtkRenderingOpenGL)'", );
                            GCC_SYMBOLS_PRIVATE_EXTERN = NO;
                            HEADER_SEARCH_PATHS = ("/usr/local/include/vtk-6.1", /usr/local/include, );
                            INFOPLIST_FILE = "/Users/sjr/dev/ReebGraph/ReebGraph/CMakeFiles/Cone.dir/Info.plist";
                            INSTALL_PATH = "";
                            LIBRARY_SEARCH_PATHS = "";
                            OTHER_CFLAGS = "      ";
                            OTHER_CPLUSPLUSFLAGS = "      ";
                            OTHER_LDFLAGS = "   -Wl,-search_paths_first -Wl,-headerpad_max_install_names  /usr/local/lib/libvtkFiltersSources-6.1.1.dylib /usr/local/lib/libvtkCommonComputationalGeometry-6.1.1.dylib /usr/local/lib/libvtkCommonDataModel-6.1.1.dylib /usr/local/lib/libvtkCommonMath-6.1.1.dylib /usr/local/lib/libvtkCommonCore-6.1.1.dylib /usr/local/lib/libvtksys-6.1.1.dylib /usr/local/lib/libvtkCommonMisc-6.1.1.dylib /usr/local/lib/libvtkCommonSystem-6.1.1.dylib /usr/local/lib/libvtkCommonTransforms-6.1.1.dylib /usr/local/lib/libvtkFiltersGeneral-6.1.1.dylib /usr/local/lib/libvtkFiltersCore-6.1.1.dylib /usr/local/lib/libvtkCommonExecutionModel-6.1.1.dylib /usr/local/lib/libvtkInteractionStyle-6.1.1.dylib /usr/local/lib/libvtkFiltersExtraction-6.1.1.dylib /usr/local/lib/libvtkFiltersStatistics-6.1.1.dylib /usr/local/lib/libvtkImagingFourier-6.1.1.dylib /usr/local/lib/libvtkImagingCore-6.1.1.dylib /usr/local/lib/libvtkalglib-6.1.1.dylib /usr/local/lib/libvtkRenderingCore-6.1.1.dylib /usr/local/lib/libvtkFiltersGeometry-6.1.1.dylib /usr/local/lib/libvtkRenderingOpenGL-6.1.1.dylib /usr/local/lib/libvtkImagingHybrid-6.1.1.dylib /usr/local/lib/libvtkIOImage-6.1.1.dylib /usr/local/lib/libvtkDICOMParser-6.1.1.dylib /usr/local/lib/libvtkIOCore-6.1.1.dylib /usr/lib/libz.dylib /usr/local/lib/libvtkmetaio-6.1.1.dylib /usr/local/lib/libjpeg.dylib /usr/local/lib/libpng.dylib /usr/local/lib/libtiff.dylib /usr/local/lib/libvtkRenderingCore-6.1.1.dylib /usr/local/lib/libvtkFiltersSources-6.1.1.dylib /usr/local/lib/libvtkFiltersExtraction-6.1.1.dylib /usr/local/lib/libvtkFiltersGeneral-6.1.1.dylib /usr/local/lib/libvtkCommonComputationalGeometry-6.1.1.dylib /usr/local/lib/libvtkFiltersStatistics-6.1.1.dylib /usr/local/lib/libvtkImagingFourier-6.1.1.dylib /usr/local/lib/libvtkalglib-6.1.1.dylib /usr/local/lib/libvtkFiltersGeometry-6.1.1.dylib /usr/local/lib/libvtkFiltersCore-6.1.1.dylib /usr/local/lib/libvtkImagingCore-6.1.1.dylib /usr/local/lib/libvtkCommonExecutionModel-6.1.1.dylib /usr/local/lib/libvtkCommonDataModel-6.1.1.dylib /usr/local/lib/libvtkCommonMisc-6.1.1.dylib /usr/local/lib/libvtkCommonSystem-6.1.1.dylib /usr/local/lib/libvtksys-6.1.1.dylib /usr/local/lib/libvtkCommonTransforms-6.1.1.dylib /usr/local/lib/libvtkCommonMath-6.1.1.dylib /usr/local/lib/libvtkCommonCore-6.1.1.dylib /usr/lib/libz.dylib -framework AGL -framework OpenGL -framework ApplicationServices -framework IOKit -framework Cocoa";
                            OTHER_REZFLAGS = "";
                            PRODUCT_NAME = Cone;
                            SECTORDER_FLAGS = "";
                            SYMROOT = /Users/sjr/dev/ReebGraph/ReebGraph;
                            USE_HEADERMAP = NO;
                            WARNING_CFLAGS = ("-Wmost", "-Wno-four-char-constants", "-Wno-unknown-pragmas", );
                     };
                     name = Debug;
              };
              0F18BBB7DAEF41CAA1CFA9F8 /* Release */ = {
                     isa = XCBuildConfiguration;
                     buildSettings = {
                            COMBINE_HIDPI_IMAGES = YES;
                            EXECUTABLE_PREFIX = "";
                            EXECUTABLE_SUFFIX = "";
                            GCC_GENERATE_DEBUGGING_SYMBOLS = NO;
                            GCC_INLINES_ARE_PRIVATE_EXTERN = NO;
                            GCC_OPTIMIZATION_LEVEL = 3;
                            GCC_PREPROCESSOR_DEFINITIONS = ("'CMAKE_INTDIR=\"$(CONFIGURATION)$(EFFECTIVE_PLATFORM_NAME)\"'", "'vtkRenderingCore_AUTOINIT=2(vtkInteractionStyle,vtkRenderingOpenGL)'", );
                            GCC_SYMBOLS_PRIVATE_EXTERN = NO;
                            HEADER_SEARCH_PATHS = ("/usr/local/include/vtk-6.1", /usr/local/include, );
                            INFOPLIST_FILE = "/Users/sjr/dev/ReebGraph/ReebGraph/CMakeFiles/Cone.dir/Info.plist";
                            INSTALL_PATH = "";
                            LIBRARY_SEARCH_PATHS = "";
                            OTHER_CFLAGS = "      -DNDEBUG  ";
                            OTHER_CPLUSPLUSFLAGS = "      -DNDEBUG  ";
                            OTHER_LDFLAGS = "   -Wl,-search_paths_first -Wl,-headerpad_max_install_names  /usr/local/lib/libvtkFiltersSources-6.1.1.dylib /usr/local/lib/libvtkCommonComputationalGeometry-6.1.1.dylib /usr/local/lib/libvtkCommonDataModel-6.1.1.dylib /usr/local/lib/libvtkCommonMath-6.1.1.dylib /usr/local/lib/libvtkCommonCore-6.1.1.dylib /usr/local/lib/libvtksys-6.1.1.dylib /usr/local/lib/libvtkCommonMisc-6.1.1.dylib /usr/local/lib/libvtkCommonSystem-6.1.1.dylib /usr/local/lib/libvtkCommonTransforms-6.1.1.dylib /usr/local/lib/libvtkFiltersGeneral-6.1.1.dylib /usr/local/lib/libvtkFiltersCore-6.1.1.dylib /usr/local/lib/libvtkCommonExecutionModel-6.1.1.dylib /usr/local/lib/libvtkInteractionStyle-6.1.1.dylib /usr/local/lib/libvtkFiltersExtraction-6.1.1.dylib /usr/local/lib/libvtkFiltersStatistics-6.1.1.dylib /usr/local/lib/libvtkImagingFourier-6.1.1.dylib /usr/local/lib/libvtkImagingCore-6.1.1.dylib /usr/local/lib/libvtkalglib-6.1.1.dylib /usr/local/lib/libvtkRenderingCore-6.1.1.dylib /usr/local/lib/libvtkFiltersGeometry-6.1.1.dylib /usr/local/lib/libvtkRenderingOpenGL-6.1.1.dylib /usr/local/lib/libvtkImagingHybrid-6.1.1.dylib /usr/local/lib/libvtkIOImage-6.1.1.dylib /usr/local/lib/libvtkDICOMParser-6.1.1.dylib /usr/local/lib/libvtkIOCore-6.1.1.dylib /usr/lib/libz.dylib /usr/local/lib/libvtkmetaio-6.1.1.dylib /usr/local/lib/libjpeg.dylib /usr/local/lib/libpng.dylib /usr/local/lib/libtiff.dylib /usr/local/lib/libvtkRenderingCore-6.1.1.dylib /usr/local/lib/libvtkFiltersSources-6.1.1.dylib /usr/local/lib/libvtkFiltersExtraction-6.1.1.dylib /usr/local/lib/libvtkFiltersGeneral-6.1.1.dylib /usr/local/lib/libvtkCommonComputationalGeometry-6.1.1.dylib /usr/local/lib/libvtkFiltersStatistics-6.1.1.dylib /usr/local/lib/libvtkImagingFourier-6.1.1.dylib /usr/local/lib/libvtkalglib-6.1.1.dylib /usr/local/lib/libvtkFiltersGeometry-6.1.1.dylib /usr/local/lib/libvtkFiltersCore-6.1.1.dylib /usr/local/lib/libvtkImagingCore-6.1.1.dylib /usr/local/lib/libvtkCommonExecutionModel-6.1.1.dylib /usr/local/lib/libvtkCommonDataModel-6.1.1.dylib /usr/local/lib/libvtkCommonMisc-6.1.1.dylib /usr/local/lib/libvtkCommonSystem-6.1.1.dylib /usr/local/lib/libvtksys-6.1.1.dylib /usr/local/lib/libvtkCommonTransforms-6.1.1.dylib /usr/local/lib/libvtkCommonMath-6.1.1.dylib /usr/local/lib/libvtkCommonCore-6.1.1.dylib /usr/lib/libz.dylib -framework AGL -framework OpenGL -framework ApplicationServices -framework IOKit -framework Cocoa";
                            OTHER_REZFLAGS = "";
                            PRODUCT_NAME = Cone;
                            SECTORDER_FLAGS = "";
                            SYMROOT = /Users/sjr/dev/ReebGraph/ReebGraph;
                            USE_HEADERMAP = NO;
                            WARNING_CFLAGS = ("-Wmost", "-Wno-four-char-constants", "-Wno-unknown-pragmas", );
                     };
                     name = Release;
              };
              7A15691EE74E411E806F589A /* MinSizeRel */ = {
                     isa = XCBuildConfiguration;
                     buildSettings = {
                            COMBINE_HIDPI_IMAGES = YES;
                            EXECUTABLE_PREFIX = "";
                            EXECUTABLE_SUFFIX = "";
                            GCC_GENERATE_DEBUGGING_SYMBOLS = NO;
                            GCC_INLINES_ARE_PRIVATE_EXTERN = NO;
                            GCC_OPTIMIZATION_LEVEL = s;
                            GCC_PREPROCESSOR_DEFINITIONS = ("'CMAKE_INTDIR=\"$(CONFIGURATION)$(EFFECTIVE_PLATFORM_NAME)\"'", "'vtkRenderingCore_AUTOINIT=2(vtkInteractionStyle,vtkRenderingOpenGL)'", );
                            GCC_SYMBOLS_PRIVATE_EXTERN = NO;
                            HEADER_SEARCH_PATHS = ("/usr/local/include/vtk-6.1", /usr/local/include, );
                            INFOPLIST_FILE = "/Users/sjr/dev/ReebGraph/ReebGraph/CMakeFiles/Cone.dir/Info.plist";
                            INSTALL_PATH = "";
                            LIBRARY_SEARCH_PATHS = "";
                            OTHER_CFLAGS = "      -DNDEBUG  ";
                            OTHER_CPLUSPLUSFLAGS = "      -DNDEBUG  ";
                            OTHER_LDFLAGS = "   -Wl,-search_paths_first -Wl,-headerpad_max_install_names  /usr/local/lib/libvtkFiltersSources-6.1.1.dylib /usr/local/lib/libvtkCommonComputationalGeometry-6.1.1.dylib /usr/local/lib/libvtkCommonDataModel-6.1.1.dylib /usr/local/lib/libvtkCommonMath-6.1.1.dylib /usr/local/lib/libvtkCommonCore-6.1.1.dylib /usr/local/lib/libvtksys-6.1.1.dylib /usr/local/lib/libvtkCommonMisc-6.1.1.dylib /usr/local/lib/libvtkCommonSystem-6.1.1.dylib /usr/local/lib/libvtkCommonTransforms-6.1.1.dylib /usr/local/lib/libvtkFiltersGeneral-6.1.1.dylib /usr/local/lib/libvtkFiltersCore-6.1.1.dylib /usr/local/lib/libvtkCommonExecutionModel-6.1.1.dylib /usr/local/lib/libvtkInteractionStyle-6.1.1.dylib /usr/local/lib/libvtkFiltersExtraction-6.1.1.dylib /usr/local/lib/libvtkFiltersStatistics-6.1.1.dylib /usr/local/lib/libvtkImagingFourier-6.1.1.dylib /usr/local/lib/libvtkImagingCore-6.1.1.dylib /usr/local/lib/libvtkalglib-6.1.1.dylib /usr/local/lib/libvtkRenderingCore-6.1.1.dylib /usr/local/lib/libvtkFiltersGeometry-6.1.1.dylib /usr/local/lib/libvtkRenderingOpenGL-6.1.1.dylib /usr/local/lib/libvtkImagingHybrid-6.1.1.dylib /usr/local/lib/libvtkIOImage-6.1.1.dylib /usr/local/lib/libvtkDICOMParser-6.1.1.dylib /usr/local/lib/libvtkIOCore-6.1.1.dylib /usr/lib/libz.dylib /usr/local/lib/libvtkmetaio-6.1.1.dylib /usr/local/lib/libjpeg.dylib /usr/local/lib/libpng.dylib /usr/local/lib/libtiff.dylib /usr/local/lib/libvtkRenderingCore-6.1.1.dylib /usr/local/lib/libvtkFiltersSources-6.1.1.dylib /usr/local/lib/libvtkFiltersExtraction-6.1.1.dylib /usr/local/lib/libvtkFiltersGeneral-6.1.1.dylib /usr/local/lib/libvtkCommonComputationalGeometry-6.1.1.dylib /usr/local/lib/libvtkFiltersStatistics-6.1.1.dylib /usr/local/lib/libvtkImagingFourier-6.1.1.dylib /usr/local/lib/libvtkalglib-6.1.1.dylib /usr/local/lib/libvtkFiltersGeometry-6.1.1.dylib /usr/local/lib/libvtkFiltersCore-6.1.1.dylib /usr/local/lib/libvtkImagingCore-6.1.1.dylib /usr/local/lib/libvtkCommonExecutionModel-6.1.1.dylib /usr/local/lib/libvtkCommonDataModel-6.1.1.dylib /usr/local/lib/libvtkCommonMisc-6.1.1.dylib /usr/local/lib/libvtkCommonSystem-6.1.1.dylib /usr/local/lib/libvtksys-6.1.1.dylib /usr/local/lib/libvtkCommonTransforms-6.1.1.dylib /usr/local/lib/libvtkCommonMath-6.1.1.dylib /usr/local/lib/libvtkCommonCore-6.1.1.dylib /usr/lib/libz.dylib -framework AGL -framework OpenGL -framework ApplicationServices -framework IOKit -framework Cocoa";
                            OTHER_REZFLAGS = "";
                            PRODUCT_NAME = Cone;
                            SECTORDER_FLAGS = "";
                            SYMROOT = /Users/sjr/dev/ReebGraph/ReebGraph;
                            USE_HEADERMAP = NO;
                            WARNING_CFLAGS = ("-Wmost", "-Wno-four-char-constants", "-Wno-unknown-pragmas", );
                     };
                     name = MinSizeRel;
              };
              A94D52812E0C470791BE76CF /* RelWithDebInfo */ = {
                     isa = XCBuildConfiguration;
                     buildSettings = {
                            COMBINE_HIDPI_IMAGES = YES;
                            EXECUTABLE_PREFIX = "";
                            EXECUTABLE_SUFFIX = "";
                            GCC_GENERATE_DEBUGGING_SYMBOLS = YES;
                            GCC_INLINES_ARE_PRIVATE_EXTERN = NO;
                            GCC_OPTIMIZATION_LEVEL = 2;
                            GCC_PREPROCESSOR_DEFINITIONS = ("'CMAKE_INTDIR=\"$(CONFIGURATION)$(EFFECTIVE_PLATFORM_NAME)\"'", "'vtkRenderingCore_AUTOINIT=2(vtkInteractionStyle,vtkRenderingOpenGL)'", );
                            GCC_SYMBOLS_PRIVATE_EXTERN = NO;
                            HEADER_SEARCH_PATHS = ("/usr/local/include/vtk-6.1", /usr/local/include, );
                            INFOPLIST_FILE = "/Users/sjr/dev/ReebGraph/ReebGraph/CMakeFiles/Cone.dir/Info.plist";
                            INSTALL_PATH = "";
                            LIBRARY_SEARCH_PATHS = "";
                            OTHER_CFLAGS = "         -DNDEBUG  ";
                            OTHER_CPLUSPLUSFLAGS = "         -DNDEBUG  ";
                            OTHER_LDFLAGS = "   -Wl,-search_paths_first -Wl,-headerpad_max_install_names  /usr/local/lib/libvtkFiltersSources-6.1.1.dylib /usr/local/lib/libvtkCommonComputationalGeometry-6.1.1.dylib /usr/local/lib/libvtkCommonDataModel-6.1.1.dylib /usr/local/lib/libvtkCommonMath-6.1.1.dylib /usr/local/lib/libvtkCommonCore-6.1.1.dylib /usr/local/lib/libvtksys-6.1.1.dylib /usr/local/lib/libvtkCommonMisc-6.1.1.dylib /usr/local/lib/libvtkCommonSystem-6.1.1.dylib /usr/local/lib/libvtkCommonTransforms-6.1.1.dylib /usr/local/lib/libvtkFiltersGeneral-6.1.1.dylib /usr/local/lib/libvtkFiltersCore-6.1.1.dylib /usr/local/lib/libvtkCommonExecutionModel-6.1.1.dylib /usr/local/lib/libvtkInteractionStyle-6.1.1.dylib /usr/local/lib/libvtkFiltersExtraction-6.1.1.dylib /usr/local/lib/libvtkFiltersStatistics-6.1.1.dylib /usr/local/lib/libvtkImagingFourier-6.1.1.dylib /usr/local/lib/libvtkImagingCore-6.1.1.dylib /usr/local/lib/libvtkalglib-6.1.1.dylib /usr/local/lib/libvtkRenderingCore-6.1.1.dylib /usr/local/lib/libvtkFiltersGeometry-6.1.1.dylib /usr/local/lib/libvtkRenderingOpenGL-6.1.1.dylib /usr/local/lib/libvtkImagingHybrid-6.1.1.dylib /usr/local/lib/libvtkIOImage-6.1.1.dylib /usr/local/lib/libvtkDICOMParser-6.1.1.dylib /usr/local/lib/libvtkIOCore-6.1.1.dylib /usr/lib/libz.dylib /usr/local/lib/libvtkmetaio-6.1.1.dylib /usr/local/lib/libjpeg.dylib /usr/local/lib/libpng.dylib /usr/local/lib/libtiff.dylib /usr/local/lib/libvtkRenderingCore-6.1.1.dylib /usr/local/lib/libvtkFiltersSources-6.1.1.dylib /usr/local/lib/libvtkFiltersExtraction-6.1.1.dylib /usr/local/lib/libvtkFiltersGeneral-6.1.1.dylib /usr/local/lib/libvtkCommonComputationalGeometry-6.1.1.dylib /usr/local/lib/libvtkFiltersStatistics-6.1.1.dylib /usr/local/lib/libvtkImagingFourier-6.1.1.dylib /usr/local/lib/libvtkalglib-6.1.1.dylib /usr/local/lib/libvtkFiltersGeometry-6.1.1.dylib /usr/local/lib/libvtkFiltersCore-6.1.1.dylib /usr/local/lib/libvtkImagingCore-6.1.1.dylib /usr/local/lib/libvtkCommonExecutionModel-6.1.1.dylib /usr/local/lib/libvtkCommonDataModel-6.1.1.dylib /usr/local/lib/libvtkCommonMisc-6.1.1.dylib /usr/local/lib/libvtkCommonSystem-6.1.1.dylib /usr/local/lib/libvtksys-6.1.1.dylib /usr/local/lib/libvtkCommonTransforms-6.1.1.dylib /usr/local/lib/libvtkCommonMath-6.1.1.dylib /usr/local/lib/libvtkCommonCore-6.1.1.dylib /usr/lib/libz.dylib -framework AGL -framework OpenGL -framework ApplicationServices -framework IOKit -framework Cocoa";
                            OTHER_REZFLAGS = "";
                            PRODUCT_NAME = Cone;
                            SECTORDER_FLAGS = "";
                            SYMROOT = /Users/sjr/dev/ReebGraph/ReebGraph;
                            USE_HEADERMAP = NO;
                            WARNING_CFLAGS = ("-Wmost", "-Wno-four-char-constants", "-Wno-unknown-pragmas", );
                     };
                     name = RelWithDebInfo;
              };
              2663AAF56C254FBE964DCAA9 /* Debug */ = {
                     isa = XCBuildConfiguration;
                     buildSettings = {
                            COMBINE_HIDPI_IMAGES = YES;
                            GCC_GENERATE_DEBUGGING_SYMBOLS = NO;
                            GCC_INLINES_ARE_PRIVATE_EXTERN = NO;
                            GCC_OPTIMIZATION_LEVEL = 0;
                            GCC_PREPROCESSOR_DEFINITIONS = ("'CMAKE_INTDIR=\"$(CONFIGURATION)$(EFFECTIVE_PLATFORM_NAME)\"'", "'vtkRenderingCore_AUTOINIT=2(vtkInteractionStyle,vtkRenderingOpenGL)'", );
                            GCC_SYMBOLS_PRIVATE_EXTERN = NO;
                            HEADER_SEARCH_PATHS = ("/usr/local/include/vtk-6.1", /usr/local/include, );
                            INSTALL_PATH = "";
                            OTHER_CFLAGS = "  ";
                            OTHER_LDFLAGS = " ";
                            OTHER_REZFLAGS = "";
                            PRODUCT_NAME = ZERO_CHECK;
                            SECTORDER_FLAGS = "";
                            SYMROOT = /Users/sjr/dev/ReebGraph/ReebGraph;
                            USE_HEADERMAP = NO;
                            WARNING_CFLAGS = ("-Wmost", "-Wno-four-char-constants", "-Wno-unknown-pragmas", );
                     };
                     name = Debug;
              };
              8AF6FA1E896D4B36AEF920C1 /* Release */ = {
                     isa = XCBuildConfiguration;
                     buildSettings = {
                            COMBINE_HIDPI_IMAGES = YES;
                            GCC_GENERATE_DEBUGGING_SYMBOLS = NO;
                            GCC_INLINES_ARE_PRIVATE_EXTERN = NO;
                            GCC_OPTIMIZATION_LEVEL = 0;
                            GCC_PREPROCESSOR_DEFINITIONS = ("'CMAKE_INTDIR=\"$(CONFIGURATION)$(EFFECTIVE_PLATFORM_NAME)\"'", "'vtkRenderingCore_AUTOINIT=2(vtkInteractionStyle,vtkRenderingOpenGL)'", );
                            GCC_SYMBOLS_PRIVATE_EXTERN = NO;
                            HEADER_SEARCH_PATHS = ("/usr/local/include/vtk-6.1", /usr/local/include, );
                            INSTALL_PATH = "";
                            OTHER_CFLAGS = "  ";
                            OTHER_LDFLAGS = " ";
                            OTHER_REZFLAGS = "";
                            PRODUCT_NAME = ZERO_CHECK;
                            SECTORDER_FLAGS = "";
                            SYMROOT = /Users/sjr/dev/ReebGraph/ReebGraph;
                            USE_HEADERMAP = NO;
                            WARNING_CFLAGS = ("-Wmost", "-Wno-four-char-constants", "-Wno-unknown-pragmas", );
                     };
                     name = Release;
              };
              88B718555CAD49388AAA3734 /* MinSizeRel */ = {
                     isa = XCBuildConfiguration;
                     buildSettings = {
                            COMBINE_HIDPI_IMAGES = YES;
                            GCC_GENERATE_DEBUGGING_SYMBOLS = NO;
                            GCC_INLINES_ARE_PRIVATE_EXTERN = NO;
                            GCC_OPTIMIZATION_LEVEL = 0;
                            GCC_PREPROCESSOR_DEFINITIONS = ("'CMAKE_INTDIR=\"$(CONFIGURATION)$(EFFECTIVE_PLATFORM_NAME)\"'", "'vtkRenderingCore_AUTOINIT=2(vtkInteractionStyle,vtkRenderingOpenGL)'", );
                            GCC_SYMBOLS_PRIVATE_EXTERN = NO;
                            HEADER_SEARCH_PATHS = ("/usr/local/include/vtk-6.1", /usr/local/include, );
                            INSTALL_PATH = "";
                            OTHER_CFLAGS = "  ";
                            OTHER_LDFLAGS = " ";
                            OTHER_REZFLAGS = "";
                            PRODUCT_NAME = ZERO_CHECK;
                            SECTORDER_FLAGS = "";
                            SYMROOT = /Users/sjr/dev/ReebGraph/ReebGraph;
                            USE_HEADERMAP = NO;
                            WARNING_CFLAGS = ("-Wmost", "-Wno-four-char-constants", "-Wno-unknown-pragmas", );
                     };
                     name = MinSizeRel;
              };
              C32A1C88808649D5873ED6E7 /* RelWithDebInfo */ = {
                     isa = XCBuildConfiguration;
                     buildSettings = {
                            COMBINE_HIDPI_IMAGES = YES;
                            GCC_GENERATE_DEBUGGING_SYMBOLS = NO;
                            GCC_INLINES_ARE_PRIVATE_EXTERN = NO;
                            GCC_OPTIMIZATION_LEVEL = 0;
                            GCC_PREPROCESSOR_DEFINITIONS = ("'CMAKE_INTDIR=\"$(CONFIGURATION)$(EFFECTIVE_PLATFORM_NAME)\"'", "'vtkRenderingCore_AUTOINIT=2(vtkInteractionStyle,vtkRenderingOpenGL)'", );
                            GCC_SYMBOLS_PRIVATE_EXTERN = NO;
                            HEADER_SEARCH_PATHS = ("/usr/local/include/vtk-6.1", /usr/local/include, );
                            INSTALL_PATH = "";
                            OTHER_CFLAGS = "  ";
                            OTHER_LDFLAGS = " ";
                            OTHER_REZFLAGS = "";
                            PRODUCT_NAME = ZERO_CHECK;
                            SECTORDER_FLAGS = "";
                            SYMROOT = /Users/sjr/dev/ReebGraph/ReebGraph;
                            USE_HEADERMAP = NO;
                            WARNING_CFLAGS = ("-Wmost", "-Wno-four-char-constants", "-Wno-unknown-pragmas", );
                     };
                     name = RelWithDebInfo;
              };
/* End XCBuildConfiguration section */

/* Begin XCConfigurationList section */
              1B9CBFDFC41540CA980F5D43 /* Build configuration list for PBXProject  "Step1" */ = {
                     isa = XCConfigurationList;
                     buildConfigurations = (
                            0337547A38BC4E0E9B33A2FB /* Debug */,
                            06B242E149AA4729A165724C /* Release */,
                            3BF4DA926D5C4A4481034B28 /* MinSizeRel */,
                            9FC10DB5D61F4E3C9B2D7BED /* RelWithDebInfo */,
                     );
                     defaultConfigurationIsVisible = 0;
                     defaultConfigurationName = Debug;
              };
              A3B90391311746559A43757F /* Build configuration list for PBXAggregateTarget "ALL_BUILD" */ = {
                     isa = XCConfigurationList;
                     buildConfigurations = (
                            8E7C87446F6D4DA19B786651 /* Debug */,
                            82113857B14E43C4B39DF744 /* Release */,
                            4154EE12A3DA4B41B3955E5B /* MinSizeRel */,
                            3CDBA03E608B456FB622E99F /* RelWithDebInfo */,
                     );
                     defaultConfigurationIsVisible = 0;
                     defaultConfigurationName = Debug;
              };
              F2FAD0FF97EC4C51A6E2C28B /* Build configuration list for PBXNativeTarget "Cone" */ = {
                     isa = XCConfigurationList;
                     buildConfigurations = (
                            1D6C8AD23C8C4A89A65F8161 /* Debug */,
                            0F18BBB7DAEF41CAA1CFA9F8 /* Release */,
                            7A15691EE74E411E806F589A /* MinSizeRel */,
                            A94D52812E0C470791BE76CF /* RelWithDebInfo */,
                     );
                     defaultConfigurationIsVisible = 0;
                     defaultConfigurationName = Debug;
              };
              A13D8EA1155149D893121673 /* Build configuration list for PBXAggregateTarget "ZERO_CHECK" */ = {
                     isa = XCConfigurationList;
                     buildConfigurations = (
                            2663AAF56C254FBE964DCAA9 /* Debug */,
                            8AF6FA1E896D4B36AEF920C1 /* Release */,
                            88B718555CAD49388AAA3734 /* MinSizeRel */,
                            C32A1C88808649D5873ED6E7 /* RelWithDebInfo */,
                     );
                     defaultConfigurationIsVisible = 0;
                     defaultConfigurationName = Debug;
              };
/* End XCConfigurationList section */
       };
       rootObject = ABD053D62CB14139AC3EF6AB;
}
